
Microsoft Visual Studio Solution File, Format Version 12.00
# Visual Studio Version 16
VisualStudioVersion = 16.0.31321.278
MinimumVisualStudioVersion = 15.0.26124.0
Project("{2150E333-8FDC-42A3-9474-1A3956D46DE8}") = "Frameworks", "Frameworks", "{1D4A6190-C1D9-11EB-8F32-3506DD23728B}"
EndProject
Project("{2150E333-8FDC-42A3-9474-1A3956D46DE8}") = "Examples", "Examples", "{216B8290-C1D9-11EB-8F32-3506DD23728B}"
EndProject
Project("{9A19103F-16F7-4668-BE54-9A1E7A4F7556}") = "Wings.Framework.Ui.Core", "Frameworks\Wings.Framework.Ui.Core\Wings.Framework.Ui.Core.csproj", "{1E692E46-2F96-4645-8A40-BF722D62420E}"
EndProject
Project("{2150E333-8FDC-42A3-9474-1A3956D46DE8}") = "UseCase", "UseCase", "{41F91900-C1D9-11EB-8F32-3506DD23728B}"
EndProject
Project("{9A19103F-16F7-4668-BE54-9A1E7A4F7556}") = "Wings.Examples.UseCase.Client", "Examples\UseCase\Wings.Examples.UseCase.Client\Wings.Examples.UseCase.Client.csproj", "{D9F32302-B98B-411F-A983-8D5C873E8FB4}"
EndProject
Project("{9A19103F-16F7-4668-BE54-9A1E7A4F7556}") = "Wings.Examples.UseCase.Server", "Examples\UseCase\Wings.Examples.UseCase.Server\Wings.Examples.UseCase.Server.csproj", "{2CBBE105-BE53-49BC-AC65-D10991016E51}"
EndProject
Project("{9A19103F-16F7-4668-BE54-9A1E7A4F7556}") = "Wings.Examples.UseCase.Shared", "Examples\UseCase\Wings.Examples.UseCase.Shared\Wings.Examples.UseCase.Shared.csproj", "{68875D66-C68D-465B-B66A-D184E0338129}"
EndProject
Project("{9A19103F-16F7-4668-BE54-9A1E7A4F7556}") = "Wings.Framework.Ui.Bootstrap", "Frameworks\Wings.Framework.Ui.Bootstrap\Wings.Framework.Ui.Bootstrap.csproj", "{A83B91F7-1B91-4D1E-AA8F-EA3814B9972C}"
EndProject
Project("{9A19103F-16F7-4668-BE54-9A1E7A4F7556}") = "Wings.Framework.Ui.Ant", "Frameworks\Wings.Framework.Ui.Ant\Wings.Framework.Ui.Ant.csproj", "{B9B5DAEA-F627-4B64-A223-0CA65E1CD82E}"
EndProject
Project("{9A19103F-16F7-4668-BE54-9A1E7A4F7556}") = "Wings.Framework.Shared", "Frameworks\Wings.Framework.Shared\Wings.Framework.Shared.csproj", "{5A3E6389-D5A5-4159-84C5-FE095AC7AC43}"
EndProject
Global
	GlobalSection(SolutionConfigurationPlatforms) = preSolution
		Debug|Any CPU = Debug|Any CPU
		Debug|x64 = Debug|x64
		Debug|x86 = Debug|x86
		Release|Any CPU = Release|Any CPU
		Release|x64 = Release|x64
		Release|x86 = Release|x86
	EndGlobalSection
	GlobalSection(ProjectConfigurationPlatforms) = postSolution
		{1E692E46-2F96-4645-8A40-BF722D62420E}.Debug|Any CPU.ActiveCfg = Debug|Any CPU
		{1E692E46-2F96-4645-8A40-BF722D62420E}.Debug|Any CPU.Build.0 = Debug|Any CPU
		{1E692E46-2F96-4645-8A40-BF722D62420E}.Debug|x64.ActiveCfg = Debug|Any CPU
		{1E692E46-2F96-4645-8A40-BF722D62420E}.Debug|x64.Build.0 = Debug|Any CPU
		{1E692E46-2F96-4645-8A40-BF722D62420E}.Debug|x86.ActiveCfg = Debug|Any CPU
		{1E692E46-2F96-4645-8A40-BF722D62420E}.Debug|x86.Build.0 = Debug|Any CPU
		{1E692E46-2F96-4645-8A40-BF722D62420E}.Release|Any CPU.ActiveCfg = Release|Any CPU
		{1E692E46-2F96-4645-8A40-BF722D62420E}.Release|Any CPU.Build.0 = Release|Any CPU
		{1E692E46-2F96-4645-8A40-BF722D62420E}.Release|x64.ActiveCfg = Release|Any CPU
		{1E692E46-2F96-4645-8A40-BF722D62420E}.Release|x64.Build.0 = Release|Any CPU
		{1E692E46-2F96-4645-8A40-BF722D62420E}.Release|x86.ActiveCfg = Release|Any CPU
		{1E692E46-2F96-4645-8A40-BF722D62420E}.Release|x86.Build.0 = Release|Any CPU
		{D9F32302-B98B-411F-A983-8D5C873E8FB4}.Debug|Any CPU.ActiveCfg = Debug|Any CPU
		{D9F32302-B98B-411F-A983-8D5C873E8FB4}.Debug|Any CPU.Build.0 = Debug|Any CPU
		{D9F32302-B98B-411F-A983-8D5C873E8FB4}.Debug|x64.ActiveCfg = Debug|Any CPU
		{D9F32302-B98B-411F-A983-8D5C873E8FB4}.Debug|x64.Build.0 = Debug|Any CPU
		{D9F32302-B98B-411F-A983-8D5C873E8FB4}.Debug|x86.ActiveCfg = Debug|Any CPU
		{D9F32302-B98B-411F-A983-8D5C873E8FB4}.Debug|x86.Build.0 = Debug|Any CPU
		{D9F32302-B98B-411F-A983-8D5C873E8FB4}.Release|Any CPU.ActiveCfg = Release|Any CPU
		{D9F32302-B98B-411F-A983-8D5C873E8FB4}.Release|Any CPU.Build.0 = Release|Any CPU
		{D9F32302-B98B-411F-A983-8D5C873E8FB4}.Release|x64.ActiveCfg = Release|Any CPU
		{D9F32302-B98B-411F-A983-8D5C873E8FB4}.Release|x64.Build.0 = Release|Any CPU
		{D9F32302-B98B-411F-A983-8D5C873E8FB4}.Release|x86.ActiveCfg = Release|Any CPU
		{D9F32302-B98B-411F-A983-8D5C873E8FB4}.Release|x86.Build.0 = Release|Any CPU
		{2CBBE105-BE53-49BC-AC65-D10991016E51}.Debug|Any CPU.ActiveCfg = Debug|Any CPU
		{2CBBE105-BE53-49BC-AC65-D10991016E51}.Debug|Any CPU.Build.0 = Debug|Any CPU
		{2CBBE105-BE53-49BC-AC65-D10991016E51}.Debug|x64.ActiveCfg = Debug|Any CPU
		{2CBBE105-BE53-49BC-AC65-D10991016E51}.Debug|x64.Build.0 = Debug|Any CPU
		{2CBBE105-BE53-49BC-AC65-D10991016E51}.Debug|x86.ActiveCfg = Debug|Any CPU
		{2CBBE105-BE53-49BC-AC65-D10991016E51}.Debug|x86.Build.0 = Debug|Any CPU
		{2CBBE105-BE53-49BC-AC65-D10991016E51}.Release|Any CPU.ActiveCfg = Release|Any CPU
		{2CBBE105-BE53-49BC-AC65-D10991016E51}.Release|Any CPU.Build.0 = Release|Any CPU
		{2CBBE105-BE53-49BC-AC65-D10991016E51}.Release|x64.ActiveCfg = Release|Any CPU
		{2CBBE105-BE53-49BC-AC65-D10991016E51}.Release|x64.Build.0 = Release|Any CPU
		{2CBBE105-BE53-49BC-AC65-D10991016E51}.Release|x86.ActiveCfg = Release|Any CPU
		{2CBBE105-BE53-49BC-AC65-D10991016E51}.Release|x86.Build.0 = Release|Any CPU
		{68875D66-C68D-465B-B66A-D184E0338129}.Debug|Any CPU.ActiveCfg = Debug|Any CPU
		{68875D66-C68D-465B-B66A-D184E0338129}.Debug|Any CPU.Build.0 = Debug|Any CPU
		{68875D66-C68D-465B-B66A-D184E0338129}.Debug|x64.ActiveCfg = Debug|Any CPU
		{68875D66-C68D-465B-B66A-D184E0338129}.Debug|x64.Build.0 = Debug|Any CPU
		{68875D66-C68D-465B-B66A-D184E0338129}.Debug|x86.ActiveCfg = Debug|Any CPU
		{68875D66-C68D-465B-B66A-D184E0338129}.Debug|x86.Build.0 = Debug|Any CPU
		{68875D66-C68D-465B-B66A-D184E0338129}.Release|Any CPU.ActiveCfg = Release|Any CPU
		{68875D66-C68D-465B-B66A-D184E0338129}.Release|Any CPU.Build.0 = Release|Any CPU
		{68875D66-C68D-465B-B66A-D184E0338129}.Release|x64.ActiveCfg = Release|Any CPU
		{68875D66-C68D-465B-B66A-D184E0338129}.Release|x64.Build.0 = Release|Any CPU
		{68875D66-C68D-465B-B66A-D184E0338129}.Release|x86.ActiveCfg = Release|Any CPU
		{68875D66-C68D-465B-B66A-D184E0338129}.Release|x86.Build.0 = Release|Any CPU
		{A83B91F7-1B91-4D1E-AA8F-EA3814B9972C}.Debug|Any CPU.ActiveCfg = Debug|Any CPU
		{A83B91F7-1B91-4D1E-AA8F-EA3814B9972C}.Debug|Any CPU.Build.0 = Debug|Any CPU
		{A83B91F7-1B91-4D1E-AA8F-EA3814B9972C}.Debug|x64.ActiveCfg = Debug|Any CPU
		{A83B91F7-1B91-4D1E-AA8F-EA3814B9972C}.Debug|x64.Build.0 = Debug|Any CPU
		{A83B91F7-1B91-4D1E-AA8F-EA3814B9972C}.Debug|x86.ActiveCfg = Debug|Any CPU
		{A83B91F7-1B91-4D1E-AA8F-EA3814B9972C}.Debug|x86.Build.0 = Debug|Any CPU
		{A83B91F7-1B91-4D1E-AA8F-EA3814B9972C}.Release|Any CPU.ActiveCfg = Release|Any CPU
		{A83B91F7-1B91-4D1E-AA8F-EA3814B9972C}.Release|Any CPU.Build.0 = Release|Any CPU
		{A83B91F7-1B91-4D1E-AA8F-EA3814B9972C}.Release|x64.ActiveCfg = Release|Any CPU
		{A83B91F7-1B91-4D1E-AA8F-EA3814B9972C}.Release|x64.Build.0 = Release|Any CPU
		{A83B91F7-1B91-4D1E-AA8F-EA3814B9972C}.Release|x86.ActiveCfg = Release|Any CPU
		{A83B91F7-1B91-4D1E-AA8F-EA3814B9972C}.Release|x86.Build.0 = Release|Any CPU
		{B9B5DAEA-F627-4B64-A223-0CA65E1CD82E}.Debug|Any CPU.ActiveCfg = Debug|Any CPU
		{B9B5DAEA-F627-4B64-A223-0CA65E1CD82E}.Debug|Any CPU.Build.0 = Debug|Any CPU
		{B9B5DAEA-F627-4B64-A223-0CA65E1CD82E}.Debug|x64.ActiveCfg = Debug|Any CPU
		{B9B5DAEA-F627-4B64-A223-0CA65E1CD82E}.Debug|x64.Build.0 = Debug|Any CPU
		{B9B5DAEA-F627-4B64-A223-0CA65E1CD82E}.Debug|x86.ActiveCfg = Debug|Any CPU
		{B9B5DAEA-F627-4B64-A223-0CA65E1CD82E}.Debug|x86.Build.0 = Debug|Any CPU
		{B9B5DAEA-F627-4B64-A223-0CA65E1CD82E}.Release|Any CPU.ActiveCfg = Release|Any CPU
		{B9B5DAEA-F627-4B64-A223-0CA65E1CD82E}.Release|Any CPU.Build.0 = Release|Any CPU
		{B9B5DAEA-F627-4B64-A223-0CA65E1CD82E}.Release|x64.ActiveCfg = Release|Any CPU
		{B9B5DAEA-F627-4B64-A223-0CA65E1CD82E}.Release|x64.Build.0 = Release|Any CPU
		{B9B5DAEA-F627-4B64-A223-0CA65E1CD82E}.Release|x86.ActiveCfg = Release|Any CPU
		{B9B5DAEA-F627-4B64-A223-0CA65E1CD82E}.Release|x86.Build.0 = Release|Any CPU
		{5A3E6389-D5A5-4159-84C5-FE095AC7AC43}.Debug|Any CPU.ActiveCfg = Debug|Any CPU
		{5A3E6389-D5A5-4159-84C5-FE095AC7AC43}.Debug|Any CPU.Build.0 = Debug|Any CPU
		{5A3E6389-D5A5-4159-84C5-FE095AC7AC43}.Debug|x64.ActiveCfg = Debug|Any CPU
		{5A3E6389-D5A5-4159-84C5-FE095AC7AC43}.Debug|x64.Build.0 = Debug|Any CPU
		{5A3E6389-D5A5-4159-84C5-FE095AC7AC43}.Debug|x86.ActiveCfg = Debug|Any CPU
		{5A3E6389-D5A5-4159-84C5-FE095AC7AC43}.Debug|x86.Build.0 = Debug|Any CPU
		{5A3E6389-D5A5-4159-84C5-FE095AC7AC43}.Release|Any CPU.ActiveCfg = Release|Any CPU
		{5A3E6389-D5A5-4159-84C5-FE095AC7AC43}.Release|Any CPU.Build.0 = Release|Any CPU
		{5A3E6389-D5A5-4159-84C5-FE095AC7AC43}.Release|x64.ActiveCfg = Release|Any CPU
		{5A3E6389-D5A5-4159-84C5-FE095AC7AC43}.Release|x64.Build.0 = Release|Any CPU
		{5A3E6389-D5A5-4159-84C5-FE095AC7AC43}.Release|x86.ActiveCfg = Release|Any CPU
		{5A3E6389-D5A5-4159-84C5-FE095AC7AC43}.Release|x86.Build.0 = Release|Any CPU
	EndGlobalSection
	GlobalSection(SolutionProperties) = preSolution
		HideSolutionNode = FALSE
	EndGlobalSection
	GlobalSection(NestedProjects) = preSolution
		{1E692E46-2F96-4645-8A40-BF722D62420E} = {1D4A6190-C1D9-11EB-8F32-3506DD23728B}
		{41F91900-C1D9-11EB-8F32-3506DD23728B} = {216B8290-C1D9-11EB-8F32-3506DD23728B}
		{D9F32302-B98B-411F-A983-8D5C873E8FB4} = {41F91900-C1D9-11EB-8F32-3506DD23728B}
		{2CBBE105-BE53-49BC-AC65-D10991016E51} = {41F91900-C1D9-11EB-8F32-3506DD23728B}
		{68875D66-C68D-465B-B66A-D184E0338129} = {41F91900-C1D9-11EB-8F32-3506DD23728B}
		{A83B91F7-1B91-4D1E-AA8F-EA3814B9972C} = {1D4A6190-C1D9-11EB-8F32-3506DD23728B}
		{B9B5DAEA-F627-4B64-A223-0CA65E1CD82E} = {1D4A6190-C1D9-11EB-8F32-3506DD23728B}
		{5A3E6389-D5A5-4159-84C5-FE095AC7AC43} = {1D4A6190-C1D9-11EB-8F32-3506DD23728B}
	EndGlobalSection
	GlobalSection(ExtensibilityGlobals) = postSolution
		SolutionGuid = {421E40E1-B3A4-412C-9192-2642BEF927CE}
	EndGlobalSection
EndGlobal
